# THIS IS AN AUTOGENERATED FILE. DO NOT EDIT THIS FILE DIRECTLY.
# yarn lockfile v1


"@fastify/cors@^8.2.0":
  version "8.2.0"
  resolved "https://registry.yarnpkg.com/@fastify/cors/-/cors-8.2.0.tgz#44ce6b28bc111e12679cb02f980f0ce865ff4877"
  integrity sha512-qDgwpmg6C4D0D3nh8MTMuRXWyEwPnDZDBODaJv90FP2o9ukbahJByW4FtrM5Bpod5KbTf1oIExBmpItbUTQmHg==
  dependencies:
    fastify-plugin "^4.0.0"
    mnemonist "0.39.5"

fastify-plugin@^4.0.0:
  version "4.5.0"
  resolved "https://registry.yarnpkg.com/fastify-plugin/-/fastify-plugin-4.5.0.tgz#8b853923a0bba6ab6921bb8f35b81224e6988d91"
  integrity sha512-79ak0JxddO0utAXAQ5ccKhvs6vX2MGyHHMMsmZkBANrq3hXc1CHzvNPHOcvTsVMEPl5I+NT+RO4YKMGehOfSIg==

mnemonist@0.39.5:
  version "0.39.5"
  resolved "https://registry.yarnpkg.com/mnemonist/-/mnemonist-0.39.5.tgz#5850d9b30d1b2bc57cc8787e5caa40f6c3420477"
  integrity sha512-FPUtkhtJ0efmEFGpU14x7jGbTB+s18LrzRL2KgoWz9YvcY3cPomz8tih01GbHwnGk/OmkOKfqd/RAQoc8Lm7DQ==
  dependencies:
    obliterator "^2.0.1"

obliterator@^2.0.1:
  version "2.0.4"
  resolved "https://registry.yarnpkg.com/obliterator/-/obliterator-2.0.4.tgz#fa650e019b2d075d745e44f1effeb13a2adbe816"
  integrity sha512-lgHwxlxV1qIg1Eap7LgIeoBWIMFibOjbrYPIPJZcI1mmGAI2m3lNYpK12Y+GBdPQ0U1hRwSord7GIaawz962qQ==
